// !$*UTF8*$!
{
	archiveVersion = 1;
	classes = {
	};
	objectVersion = 51;
	objects = {

/* Begin PBXBuildFile section */
		0944B574B7E080D24A8A1E41 /* Pods_DasaCountriesTests.framework in Frameworks */ = {isa = PBXBuildFile; fileRef = 0F5060E1E2CAFA482C0FB5DB /* Pods_DasaCountriesTests.framework */; };
		4DCECD61701F6B219E7C1C9C /* Pods_DasaCountries.framework in Frameworks */ = {isa = PBXBuildFile; fileRef = F628EBC5F67D17ED139FC16B /* Pods_DasaCountries.framework */; };
		E290BADAF43673A0C7269473 /* Pods_DasaCountries_DasaCountriesUITests.framework in Frameworks */ = {isa = PBXBuildFile; fileRef = 81051EDEF31E355A2E944844 /* Pods_DasaCountries_DasaCountriesUITests.framework */; };
		FA2E662524C23C1E00C4A07E /* AppDelegate.swift in Sources */ = {isa = PBXBuildFile; fileRef = FA2E662424C23C1E00C4A07E /* AppDelegate.swift */; };
		FA2E662724C23C1E00C4A07E /* SceneDelegate.swift in Sources */ = {isa = PBXBuildFile; fileRef = FA2E662624C23C1E00C4A07E /* SceneDelegate.swift */; };
		FA2E662C24C23C1E00C4A07E /* Main.storyboard in Resources */ = {isa = PBXBuildFile; fileRef = FA2E662A24C23C1E00C4A07E /* Main.storyboard */; };
		FA2E662F24C23C1E00C4A07E /* DasaCountries.xcdatamodeld in Sources */ = {isa = PBXBuildFile; fileRef = FA2E662D24C23C1E00C4A07E /* DasaCountries.xcdatamodeld */; };
		FA2E663124C23C2000C4A07E /* Assets.xcassets in Resources */ = {isa = PBXBuildFile; fileRef = FA2E663024C23C2000C4A07E /* Assets.xcassets */; };
		FA2E663424C23C2000C4A07E /* LaunchScreen.storyboard in Resources */ = {isa = PBXBuildFile; fileRef = FA2E663224C23C2000C4A07E /* LaunchScreen.storyboard */; };
		FA2E663F24C23C2000C4A07E /* DasaCountriesTests.swift in Sources */ = {isa = PBXBuildFile; fileRef = FA2E663E24C23C2000C4A07E /* DasaCountriesTests.swift */; };
		FA2E664A24C23C2000C4A07E /* DasaCountriesUITests.swift in Sources */ = {isa = PBXBuildFile; fileRef = FA2E664924C23C2000C4A07E /* DasaCountriesUITests.swift */; };
		FA2E665824C23C7600C4A07E /* CountriesTableViewController.swift in Sources */ = {isa = PBXBuildFile; fileRef = FA2E665724C23C7600C4A07E /* CountriesTableViewController.swift */; };
		FA2E665E24C23EAD00C4A07E /* CountriesModel.swift in Sources */ = {isa = PBXBuildFile; fileRef = FA2E665D24C23EAD00C4A07E /* CountriesModel.swift */; };
		FA2E666024C2405500C4A07E /* ViewModel.swift in Sources */ = {isa = PBXBuildFile; fileRef = FA2E665F24C2405500C4A07E /* ViewModel.swift */; };
		FA2E666224C2407500C4A07E /* CountriesViewModel.swift in Sources */ = {isa = PBXBuildFile; fileRef = FA2E666124C2407500C4A07E /* CountriesViewModel.swift */; };
		FA2E666524C2417500C4A07E /* CountryRepo.swift in Sources */ = {isa = PBXBuildFile; fileRef = FA2E666424C2417500C4A07E /* CountryRepo.swift */; };
		FA2E666724C2423F00C4A07E /* MainRepository.swift in Sources */ = {isa = PBXBuildFile; fileRef = FA2E666624C2423F00C4A07E /* MainRepository.swift */; };
		FA2E666A24C2440D00C4A07E /* ApiCalling.swift in Sources */ = {isa = PBXBuildFile; fileRef = FA2E666924C2440D00C4A07E /* ApiCalling.swift */; };
		FA2E666C24C244D900C4A07E /* Reachability.swift in Sources */ = {isa = PBXBuildFile; fileRef = FA2E666B24C244D900C4A07E /* Reachability.swift */; };
		FA2E666F24C247F600C4A07E /* Constant.swift in Sources */ = {isa = PBXBuildFile; fileRef = FA2E666E24C247F600C4A07E /* Constant.swift */; };
		FA2E667124C2499A00C4A07E /* CodableHandler.swift in Sources */ = {isa = PBXBuildFile; fileRef = FA2E667024C2499A00C4A07E /* CodableHandler.swift */; };
		FA2E667324C2742F00C4A07E /* UITableView+Extension.swift in Sources */ = {isa = PBXBuildFile; fileRef = FA2E667224C2742F00C4A07E /* UITableView+Extension.swift */; };
		FA2E667524C2770400C4A07E /* MainTableViewController.swift in Sources */ = {isa = PBXBuildFile; fileRef = FA2E667424C2770400C4A07E /* MainTableViewController.swift */; };
		FA2E667724C2773000C4A07E /* MainViewModel.swift in Sources */ = {isa = PBXBuildFile; fileRef = FA2E667624C2773000C4A07E /* MainViewModel.swift */; };
		FA2E667924C2811B00C4A07E /* CountryDetailsViewController.swift in Sources */ = {isa = PBXBuildFile; fileRef = FA2E667824C2811B00C4A07E /* CountryDetailsViewController.swift */; };
/* End PBXBuildFile section */

/* Begin PBXContainerItemProxy section */
		FA2E663B24C23C2000C4A07E /* PBXContainerItemProxy */ = {
			isa = PBXContainerItemProxy;
			containerPortal = FA2E661924C23C1E00C4A07E /* Project object */;
			proxyType = 1;
			remoteGlobalIDString = FA2E662024C23C1E00C4A07E;
			remoteInfo = DasaCountries;
		};
		FA2E664624C23C2000C4A07E /* PBXContainerItemProxy */ = {
			isa = PBXContainerItemProxy;
			containerPortal = FA2E661924C23C1E00C4A07E /* Project object */;
			proxyType = 1;
			remoteGlobalIDString = FA2E662024C23C1E00C4A07E;
			remoteInfo = DasaCountries;
		};
/* End PBXContainerItemProxy section */

/* Begin PBXFileReference section */
		0F5060E1E2CAFA482C0FB5DB /* Pods_DasaCountriesTests.framework */ = {isa = PBXFileReference; explicitFileType = wrapper.framework; includeInIndex = 0; path = Pods_DasaCountriesTests.framework; sourceTree = BUILT_PRODUCTS_DIR; };
		1756E14AF7662837C3564DF7 /* Pods-DasaCountriesTests.release.xcconfig */ = {isa = PBXFileReference; includeInIndex = 1; lastKnownFileType = text.xcconfig; name = "Pods-DasaCountriesTests.release.xcconfig"; path = "Target Support Files/Pods-DasaCountriesTests/Pods-DasaCountriesTests.release.xcconfig"; sourceTree = "<group>"; };
		39AFF78E4DC9DE33D74C0A53 /* Pods-DasaCountries.debug.xcconfig */ = {isa = PBXFileReference; includeInIndex = 1; lastKnownFileType = text.xcconfig; name = "Pods-DasaCountries.debug.xcconfig"; path = "Target Support Files/Pods-DasaCountries/Pods-DasaCountries.debug.xcconfig"; sourceTree = "<group>"; };
		605E33F751D503D7F8EB1C19 /* Pods-DasaCountries.release.xcconfig */ = {isa = PBXFileReference; includeInIndex = 1; lastKnownFileType = text.xcconfig; name = "Pods-DasaCountries.release.xcconfig"; path = "Target Support Files/Pods-DasaCountries/Pods-DasaCountries.release.xcconfig"; sourceTree = "<group>"; };
		7E13A0068B42E68553500367 /* Pods-DasaCountriesTests.debug.xcconfig */ = {isa = PBXFileReference; includeInIndex = 1; lastKnownFileType = text.xcconfig; name = "Pods-DasaCountriesTests.debug.xcconfig"; path = "Target Support Files/Pods-DasaCountriesTests/Pods-DasaCountriesTests.debug.xcconfig"; sourceTree = "<group>"; };
		81051EDEF31E355A2E944844 /* Pods_DasaCountries_DasaCountriesUITests.framework */ = {isa = PBXFileReference; explicitFileType = wrapper.framework; includeInIndex = 0; path = Pods_DasaCountries_DasaCountriesUITests.framework; sourceTree = BUILT_PRODUCTS_DIR; };
		EF65B34AB2FF2DCA579ADD19 /* Pods-DasaCountries-DasaCountriesUITests.release.xcconfig */ = {isa = PBXFileReference; includeInIndex = 1; lastKnownFileType = text.xcconfig; name = "Pods-DasaCountries-DasaCountriesUITests.release.xcconfig"; path = "Target Support Files/Pods-DasaCountries-DasaCountriesUITests/Pods-DasaCountries-DasaCountriesUITests.release.xcconfig"; sourceTree = "<group>"; };
		F628EBC5F67D17ED139FC16B /* Pods_DasaCountries.framework */ = {isa = PBXFileReference; explicitFileType = wrapper.framework; includeInIndex = 0; path = Pods_DasaCountries.framework; sourceTree = BUILT_PRODUCTS_DIR; };
		F6881959A5A8AAD1194377A0 /* Pods-DasaCountries-DasaCountriesUITests.debug.xcconfig */ = {isa = PBXFileReference; includeInIndex = 1; lastKnownFileType = text.xcconfig; name = "Pods-DasaCountries-DasaCountriesUITests.debug.xcconfig"; path = "Target Support Files/Pods-DasaCountries-DasaCountriesUITests/Pods-DasaCountries-DasaCountriesUITests.debug.xcconfig"; sourceTree = "<group>"; };
		FA2E662124C23C1E00C4A07E /* DasaCountries.app */ = {isa = PBXFileReference; explicitFileType = wrapper.application; includeInIndex = 0; path = DasaCountries.app; sourceTree = BUILT_PRODUCTS_DIR; };
		FA2E662424C23C1E00C4A07E /* AppDelegate.swift */ = {isa = PBXFileReference; lastKnownFileType = sourcecode.swift; path = AppDelegate.swift; sourceTree = "<group>"; };
		FA2E662624C23C1E00C4A07E /* SceneDelegate.swift */ = {isa = PBXFileReference; lastKnownFileType = sourcecode.swift; path = SceneDelegate.swift; sourceTree = "<group>"; };
		FA2E662B24C23C1E00C4A07E /* Base */ = {isa = PBXFileReference; lastKnownFileType = file.storyboard; name = Base; path = Base.lproj/Main.storyboard; sourceTree = "<group>"; };
		FA2E662E24C23C1E00C4A07E /* DasaCountries.xcdatamodel */ = {isa = PBXFileReference; lastKnownFileType = wrapper.xcdatamodel; path = DasaCountries.xcdatamodel; sourceTree = "<group>"; };
		FA2E663024C23C2000C4A07E /* Assets.xcassets */ = {isa = PBXFileReference; lastKnownFileType = folder.assetcatalog; path = Assets.xcassets; sourceTree = "<group>"; };
		FA2E663324C23C2000C4A07E /* Base */ = {isa = PBXFileReference; lastKnownFileType = file.storyboard; name = Base; path = Base.lproj/LaunchScreen.storyboard; sourceTree = "<group>"; };
		FA2E663524C23C2000C4A07E /* Info.plist */ = {isa = PBXFileReference; lastKnownFileType = text.plist.xml; path = Info.plist; sourceTree = "<group>"; };
		FA2E663A24C23C2000C4A07E /* DasaCountriesTests.xctest */ = {isa = PBXFileReference; explicitFileType = wrapper.cfbundle; includeInIndex = 0; path = DasaCountriesTests.xctest; sourceTree = BUILT_PRODUCTS_DIR; };
		FA2E663E24C23C2000C4A07E /* DasaCountriesTests.swift */ = {isa = PBXFileReference; lastKnownFileType = sourcecode.swift; path = DasaCountriesTests.swift; sourceTree = "<group>"; };
		FA2E664024C23C2000C4A07E /* Info.plist */ = {isa = PBXFileReference; lastKnownFileType = text.plist.xml; path = Info.plist; sourceTree = "<group>"; };
		FA2E664524C23C2000C4A07E /* DasaCountriesUITests.xctest */ = {isa = PBXFileReference; explicitFileType = wrapper.cfbundle; includeInIndex = 0; path = DasaCountriesUITests.xctest; sourceTree = BUILT_PRODUCTS_DIR; };
		FA2E664924C23C2000C4A07E /* DasaCountriesUITests.swift */ = {isa = PBXFileReference; lastKnownFileType = sourcecode.swift; path = DasaCountriesUITests.swift; sourceTree = "<group>"; };
		FA2E664B24C23C2000C4A07E /* Info.plist */ = {isa = PBXFileReference; lastKnownFileType = text.plist.xml; path = Info.plist; sourceTree = "<group>"; };
		FA2E665724C23C7600C4A07E /* CountriesTableViewController.swift */ = {isa = PBXFileReference; lastKnownFileType = sourcecode.swift; path = CountriesTableViewController.swift; sourceTree = "<group>"; };
		FA2E665D24C23EAD00C4A07E /* CountriesModel.swift */ = {isa = PBXFileReference; lastKnownFileType = sourcecode.swift; path = CountriesModel.swift; sourceTree = "<group>"; };
		FA2E665F24C2405500C4A07E /* ViewModel.swift */ = {isa = PBXFileReference; lastKnownFileType = sourcecode.swift; path = ViewModel.swift; sourceTree = "<group>"; };
		FA2E666124C2407500C4A07E /* CountriesViewModel.swift */ = {isa = PBXFileReference; lastKnownFileType = sourcecode.swift; path = CountriesViewModel.swift; sourceTree = "<group>"; };
		FA2E666424C2417500C4A07E /* CountryRepo.swift */ = {isa = PBXFileReference; lastKnownFileType = sourcecode.swift; path = CountryRepo.swift; sourceTree = "<group>"; };
		FA2E666624C2423F00C4A07E /* MainRepository.swift */ = {isa = PBXFileReference; lastKnownFileType = sourcecode.swift; path = MainRepository.swift; sourceTree = "<group>"; };
		FA2E666924C2440D00C4A07E /* ApiCalling.swift */ = {isa = PBXFileReference; lastKnownFileType = sourcecode.swift; path = ApiCalling.swift; sourceTree = "<group>"; };
		FA2E666B24C244D900C4A07E /* Reachability.swift */ = {isa = PBXFileReference; lastKnownFileType = sourcecode.swift; path = Reachability.swift; sourceTree = "<group>"; };
		FA2E666E24C247F600C4A07E /* Constant.swift */ = {isa = PBXFileReference; lastKnownFileType = sourcecode.swift; path = Constant.swift; sourceTree = "<group>"; };
		FA2E667024C2499A00C4A07E /* CodableHandler.swift */ = {isa = PBXFileReference; lastKnownFileType = sourcecode.swift; path = CodableHandler.swift; sourceTree = "<group>"; };
		FA2E667224C2742F00C4A07E /* UITableView+Extension.swift */ = {isa = PBXFileReference; lastKnownFileType = sourcecode.swift; path = "UITableView+Extension.swift"; sourceTree = "<group>"; };
		FA2E667424C2770400C4A07E /* MainTableViewController.swift */ = {isa = PBXFileReference; lastKnownFileType = sourcecode.swift; path = MainTableViewController.swift; sourceTree = "<group>"; };
		FA2E667624C2773000C4A07E /* MainViewModel.swift */ = {isa = PBXFileReference; lastKnownFileType = sourcecode.swift; path = MainViewModel.swift; sourceTree = "<group>"; };
		FA2E667824C2811B00C4A07E /* CountryDetailsViewController.swift */ = {isa = PBXFileReference; lastKnownFileType = sourcecode.swift; path = CountryDetailsViewController.swift; sourceTree = "<group>"; };
/* End PBXFileReference section */

/* Begin PBXFrameworksBuildPhase section */
		FA2E661E24C23C1E00C4A07E /* Frameworks */ = {
			isa = PBXFrameworksBuildPhase;
			buildActionMask = 2147483647;
			files = (
				4DCECD61701F6B219E7C1C9C /* Pods_DasaCountries.framework in Frameworks */,
			);
			runOnlyForDeploymentPostprocessing = 0;
		};
		FA2E663724C23C2000C4A07E /* Frameworks */ = {
			isa = PBXFrameworksBuildPhase;
			buildActionMask = 2147483647;
			files = (
				0944B574B7E080D24A8A1E41 /* Pods_DasaCountriesTests.framework in Frameworks */,
			);
			runOnlyForDeploymentPostprocessing = 0;
		};
		FA2E664224C23C2000C4A07E /* Frameworks */ = {
			isa = PBXFrameworksBuildPhase;
			buildActionMask = 2147483647;
			files = (
				E290BADAF43673A0C7269473 /* Pods_DasaCountries_DasaCountriesUITests.framework in Frameworks */,
			);
			runOnlyForDeploymentPostprocessing = 0;
		};
/* End PBXFrameworksBuildPhase section */

/* Begin PBXGroup section */
		83FB2EE89548D0ED40A4CFA9 /* Pods */ = {
			isa = PBXGroup;
			children = (
				39AFF78E4DC9DE33D74C0A53 /* Pods-DasaCountries.debug.xcconfig */,
				605E33F751D503D7F8EB1C19 /* Pods-DasaCountries.release.xcconfig */,
				F6881959A5A8AAD1194377A0 /* Pods-DasaCountries-DasaCountriesUITests.debug.xcconfig */,
				EF65B34AB2FF2DCA579ADD19 /* Pods-DasaCountries-DasaCountriesUITests.release.xcconfig */,
				7E13A0068B42E68553500367 /* Pods-DasaCountriesTests.debug.xcconfig */,
				1756E14AF7662837C3564DF7 /* Pods-DasaCountriesTests.release.xcconfig */,
			);
			path = Pods;
			sourceTree = "<group>";
		};
		B25C66B2CF53FFF8B44E6219 /* Frameworks */ = {
			isa = PBXGroup;
			children = (
				F628EBC5F67D17ED139FC16B /* Pods_DasaCountries.framework */,
				81051EDEF31E355A2E944844 /* Pods_DasaCountries_DasaCountriesUITests.framework */,
				0F5060E1E2CAFA482C0FB5DB /* Pods_DasaCountriesTests.framework */,
			);
			name = Frameworks;
			sourceTree = "<group>";
		};
		FA2E661824C23C1E00C4A07E = {
			isa = PBXGroup;
			children = (
				FA2E662324C23C1E00C4A07E /* DasaCountries */,
				FA2E663D24C23C2000C4A07E /* DasaCountriesTests */,
				FA2E664824C23C2000C4A07E /* DasaCountriesUITests */,
				FA2E662224C23C1E00C4A07E /* Products */,
				83FB2EE89548D0ED40A4CFA9 /* Pods */,
				B25C66B2CF53FFF8B44E6219 /* Frameworks */,
			);
			sourceTree = "<group>";
		};
		FA2E662224C23C1E00C4A07E /* Products */ = {
			isa = PBXGroup;
			children = (
				FA2E662124C23C1E00C4A07E /* DasaCountries.app */,
				FA2E663A24C23C2000C4A07E /* DasaCountriesTests.xctest */,
				FA2E664524C23C2000C4A07E /* DasaCountriesUITests.xctest */,
			);
			name = Products;
			sourceTree = "<group>";
		};
		FA2E662324C23C1E00C4A07E /* DasaCountries */ = {
			isa = PBXGroup;
			children = (
				FA2E666D24C247EA00C4A07E /* Utilites */,
				FA2E666824C243F900C4A07E /* Network */,
				FA2E665B24C23E4800C4A07E /* ViewModel */,
				FA2E665A24C23E4100C4A07E /* Views */,
				FA2E665924C23E3B00C4A07E /* Model */,
				FA2E662424C23C1E00C4A07E /* AppDelegate.swift */,
				FA2E662624C23C1E00C4A07E /* SceneDelegate.swift */,
				FA2E662A24C23C1E00C4A07E /* Main.storyboard */,
				FA2E663024C23C2000C4A07E /* Assets.xcassets */,
				FA2E663224C23C2000C4A07E /* LaunchScreen.storyboard */,
				FA2E663524C23C2000C4A07E /* Info.plist */,
				FA2E662D24C23C1E00C4A07E /* DasaCountries.xcdatamodeld */,
			);
			path = DasaCountries;
			sourceTree = "<group>";
		};
		FA2E663D24C23C2000C4A07E /* DasaCountriesTests */ = {
			isa = PBXGroup;
			children = (
				FA2E663E24C23C2000C4A07E /* DasaCountriesTests.swift */,
				FA2E664024C23C2000C4A07E /* Info.plist */,
			);
			path = DasaCountriesTests;
			sourceTree = "<group>";
		};
		FA2E664824C23C2000C4A07E /* DasaCountriesUITests */ = {
			isa = PBXGroup;
			children = (
				FA2E664924C23C2000C4A07E /* DasaCountriesUITests.swift */,
				FA2E664B24C23C2000C4A07E /* Info.plist */,
			);
			path = DasaCountriesUITests;
			sourceTree = "<group>";
		};
		FA2E665924C23E3B00C4A07E /* Model */ = {
			isa = PBXGroup;
			children = (
				FA2E666324C2415D00C4A07E /* Reposatories */,
				FA2E665D24C23EAD00C4A07E /* CountriesModel.swift */,
			);
			path = Model;
			sourceTree = "<group>";
		};
		FA2E665A24C23E4100C4A07E /* Views */ = {
			isa = PBXGroup;
			children = (
				FA2E665C24C23E5300C4A07E /* Cells */,
				FA2E665724C23C7600C4A07E /* CountriesTableViewController.swift */,
				FA2E667424C2770400C4A07E /* MainTableViewController.swift */,
				FA2E667824C2811B00C4A07E /* CountryDetailsViewController.swift */,
			);
			path = Views;
			sourceTree = "<group>";
		};
		FA2E665B24C23E4800C4A07E /* ViewModel */ = {
			isa = PBXGroup;
			children = (
				FA2E665F24C2405500C4A07E /* ViewModel.swift */,
				FA2E666124C2407500C4A07E /* CountriesViewModel.swift */,
				FA2E667624C2773000C4A07E /* MainViewModel.swift */,
			);
			path = ViewModel;
			sourceTree = "<group>";
		};
		FA2E665C24C23E5300C4A07E /* Cells */ = {
			isa = PBXGroup;
			children = (
			);
			path = Cells;
			sourceTree = "<group>";
		};
		FA2E666324C2415D00C4A07E /* Reposatories */ = {
			isa = PBXGroup;
			children = (
				FA2E666624C2423F00C4A07E /* MainRepository.swift */,
				FA2E666424C2417500C4A07E /* CountryRepo.swift */,
			);
			path = Reposatories;
			sourceTree = "<group>";
		};
		FA2E666824C243F900C4A07E /* Network */ = {
			isa = PBXGroup;
			children = (
				FA2E666924C2440D00C4A07E /* ApiCalling.swift */,
				FA2E666B24C244D900C4A07E /* Reachability.swift */,
				FA2E667024C2499A00C4A07E /* CodableHandler.swift */,
			);
			path = Network;
			sourceTree = "<group>";
		};
		FA2E666D24C247EA00C4A07E /* Utilites */ = {
			isa = PBXGroup;
			children = (
				FA2E666E24C247F600C4A07E /* Constant.swift */,
				FA2E667224C2742F00C4A07E /* UITableView+Extension.swift */,
			);
			path = Utilites;
			sourceTree = "<group>";
		};
/* End PBXGroup section */

/* Begin PBXNativeTarget section */
		FA2E662024C23C1E00C4A07E /* DasaCountries */ = {
			isa = PBXNativeTarget;
			buildConfigurationList = FA2E664E24C23C2000C4A07E /* Build configuration list for PBXNativeTarget "DasaCountries" */;
			buildPhases = (
				1ADB8D16C8FF71DAC6B36B60 /* [CP] Check Pods Manifest.lock */,
				FA2E661D24C23C1E00C4A07E /* Sources */,
				FA2E661E24C23C1E00C4A07E /* Frameworks */,
				FA2E661F24C23C1E00C4A07E /* Resources */,
				41EFAD12E0651F3C56D1B225 /* [CP] Embed Pods Frameworks */,
			);
			buildRules = (
			);
			dependencies = (
			);
			name = DasaCountries;
			productName = DasaCountries;
			productReference = FA2E662124C23C1E00C4A07E /* DasaCountries.app */;
			productType = "com.apple.product-type.application";
		};
		FA2E663924C23C2000C4A07E /* DasaCountriesTests */ = {
			isa = PBXNativeTarget;
			buildConfigurationList = FA2E665124C23C2000C4A07E /* Build configuration list for PBXNativeTarget "DasaCountriesTests" */;
			buildPhases = (
				C819BCA7AFCF05670D8D9E07 /* [CP] Check Pods Manifest.lock */,
				FA2E663624C23C2000C4A07E /* Sources */,
				FA2E663724C23C2000C4A07E /* Frameworks */,
				FA2E663824C23C2000C4A07E /* Resources */,
			);
			buildRules = (
			);
			dependencies = (
				FA2E663C24C23C2000C4A07E /* PBXTargetDependency */,
			);
			name = DasaCountriesTests;
			productName = DasaCountriesTests;
			productReference = FA2E663A24C23C2000C4A07E /* DasaCountriesTests.xctest */;
			productType = "com.apple.product-type.bundle.unit-test";
		};
		FA2E664424C23C2000C4A07E /* DasaCountriesUITests */ = {
			isa = PBXNativeTarget;
			buildConfigurationList = FA2E665424C23C2000C4A07E /* Build configuration list for PBXNativeTarget "DasaCountriesUITests" */;
			buildPhases = (
				DE45ED023A580801148E6789 /* [CP] Check Pods Manifest.lock */,
				FA2E664124C23C2000C4A07E /* Sources */,
				FA2E664224C23C2000C4A07E /* Frameworks */,
				FA2E664324C23C2000C4A07E /* Resources */,
				0DF35059B574323D3952257D /* [CP] Embed Pods Frameworks */,
			);
			buildRules = (
			);
			dependencies = (
				FA2E664724C23C2000C4A07E /* PBXTargetDependency */,
			);
			name = DasaCountriesUITests;
			productName = DasaCountriesUITests;
			productReference = FA2E664524C23C2000C4A07E /* DasaCountriesUITests.xctest */;
			productType = "com.apple.product-type.bundle.ui-testing";
		};
/* End PBXNativeTarget section */

/* Begin PBXProject section */
		FA2E661924C23C1E00C4A07E /* Project object */ = {
			isa = PBXProject;
			attributes = {
				LastSwiftUpdateCheck = 1150;
				LastUpgradeCheck = 1150;
				ORGANIZATIONNAME = macbook;
				TargetAttributes = {
					FA2E662024C23C1E00C4A07E = {
						CreatedOnToolsVersion = 11.5;
					};
					FA2E663924C23C2000C4A07E = {
						CreatedOnToolsVersion = 11.5;
						TestTargetID = FA2E662024C23C1E00C4A07E;
					};
					FA2E664424C23C2000C4A07E = {
						CreatedOnToolsVersion = 11.5;
						TestTargetID = FA2E662024C23C1E00C4A07E;
					};
				};
			};
			buildConfigurationList = FA2E661C24C23C1E00C4A07E /* Build configuration list for PBXProject "DasaCountries" */;
			compatibilityVersion = "Xcode 9.3";
			developmentRegion = en;
			hasScannedForEncodings = 0;
			knownRegions = (
				en,
				Base,
			);
			mainGroup = FA2E661824C23C1E00C4A07E;
			productRefGroup = FA2E662224C23C1E00C4A07E /* Products */;
			projectDirPath = "";
			projectRoot = "";
			targets = (
				FA2E662024C23C1E00C4A07E /* DasaCountries */,
				FA2E663924C23C2000C4A07E /* DasaCountriesTests */,
				FA2E664424C23C2000C4A07E /* DasaCountriesUITests */,
			);
		};
/* End PBXProject section */

/* Begin PBXResourcesBuildPhase section */
		FA2E661F24C23C1E00C4A07E /* Resources */ = {
			isa = PBXResourcesBuildPhase;
			buildActionMask = 2147483647;
			files = (
				FA2E663424C23C2000C4A07E /* LaunchScreen.storyboard in Resources */,
				FA2E663124C23C2000C4A07E /* Assets.xcassets in Resources */,
				FA2E662C24C23C1E00C4A07E /* Main.storyboard in Resources */,
			);
			runOnlyForDeploymentPostprocessing = 0;
		};
		FA2E663824C23C2000C4A07E /* Resources */ = {
			isa = PBXResourcesBuildPhase;
			buildActionMask = 2147483647;
			files = (
			);
			runOnlyForDeploymentPostprocessing = 0;
		};
		FA2E664324C23C2000C4A07E /* Resources */ = {
			isa = PBXResourcesBuildPhase;
			buildActionMask = 2147483647;
			files = (
			);
			runOnlyForDeploymentPostprocessing = 0;
		};
/* End PBXResourcesBuildPhase section */

/* Begin PBXShellScriptBuildPhase section */
		0DF35059B574323D3952257D /* [CP] Embed Pods Frameworks */ = {
			isa = PBXShellScriptBuildPhase;
			buildActionMask = 2147483647;
			files = (
			);
			inputFileListPaths = (
				"${PODS_ROOT}/Target Support Files/Pods-DasaCountries-DasaCountriesUITests/Pods-DasaCountries-DasaCountriesUITests-frameworks-${CONFIGURATION}-input-files.xcfilelist",
			);
			name = "[CP] Embed Pods Frameworks";
			outputFileListPaths = (
				"${PODS_ROOT}/Target Support Files/Pods-DasaCountries-DasaCountriesUITests/Pods-DasaCountries-DasaCountriesUITests-frameworks-${CONFIGURATION}-output-files.xcfilelist",
			);
			runOnlyForDeploymentPostprocessing = 0;
			shellPath = /bin/sh;
			shellScript = "\"${PODS_ROOT}/Target Support Files/Pods-DasaCountries-DasaCountriesUITests/Pods-DasaCountries-DasaCountriesUITests-frameworks.sh\"\n";
			showEnvVarsInLog = 0;
		};
		1ADB8D16C8FF71DAC6B36B60 /* [CP] Check Pods Manifest.lock */ = {
			isa = PBXShellScriptBuildPhase;
			buildActionMask = 2147483647;
			files = (
			);
			inputFileListPaths = (
			);
			inputPaths = (
				"${PODS_PODFILE_DIR_PATH}/Podfile.lock",
				"${PODS_ROOT}/Manifest.lock",
			);
			name = "[CP] Check Pods Manifest.lock";
			outputFileListPaths = (
			);
			outputPaths = (
				"$(DERIVED_FILE_DIR)/Pods-DasaCountries-checkManifestLockResult.txt",
			);
			runOnlyForDeploymentPostprocessing = 0;
			shellPath = /bin/sh;
			shellScript = "diff \"${PODS_PODFILE_DIR_PATH}/Podfile.lock\" \"${PODS_ROOT}/Manifest.lock\" > /dev/null\nif [ $? != 0 ] ; then\n    # print error to STDERR\n    echo \"error: The sandbox is not in sync with the Podfile.lock. Run 'pod install' or update your CocoaPods installation.\" >&2\n    exit 1\nfi\n# This output is used by Xcode 'outputs' to avoid re-running this script phase.\necho \"SUCCESS\" > \"${SCRIPT_OUTPUT_FILE_0}\"\n";
			showEnvVarsInLog = 0;
		};
		41EFAD12E0651F3C56D1B225 /* [CP] Embed Pods Frameworks */ = {
			isa = PBXShellScriptBuildPhase;
			buildActionMask = 2147483647;
			files = (
			);
			inputFileListPaths = (
				"${PODS_ROOT}/Target Support Files/Pods-DasaCountries/Pods-DasaCountries-frameworks-${CONFIGURATION}-input-files.xcfilelist",
			);
			name = "[CP] Embed Pods Frameworks";
			outputFileListPaths = (
				"${PODS_ROOT}/Target Support Files/Pods-DasaCountries/Pods-DasaCountries-frameworks-${CONFIGURATION}-output-files.xcfilelist",
			);
			runOnlyForDeploymentPostprocessing = 0;
			shellPath = /bin/sh;
			shellScript = "\"${PODS_ROOT}/Target Support Files/Pods-DasaCountries/Pods-DasaCountries-frameworks.sh\"\n";
			showEnvVarsInLog = 0;
		};
		C819BCA7AFCF05670D8D9E07 /* [CP] Check Pods Manifest.lock */ = {
			isa = PBXShellScriptBuildPhase;
			buildActionMask = 2147483647;
			files = (
			);
			inputFileListPaths = (
			);
			inputPaths = (
				"${PODS_PODFILE_DIR_PATH}/Podfile.lock",
				"${PODS_ROOT}/Manifest.lock",
			);
			name = "[CP] Check Pods Manifest.lock";
			outputFileListPaths = (
			);
			outputPaths = (
				"$(DERIVED_FILE_DIR)/Pods-DasaCountriesTests-checkManifestLockResult.txt",
			);
			runOnlyForDeploymentPostprocessing = 0;
			shellPath = /bin/sh;
			shellScript = "diff \"${PODS_PODFILE_DIR_PATH}/Podfile.lock\" \"${PODS_ROOT}/Manifest.lock\" > /dev/null\nif [ $? != 0 ] ; then\n    # print error to STDERR\n    echo \"error: The sandbox is not in sync with the Podfile.lock. Run 'pod install' or update your CocoaPods installation.\" >&2\n    exit 1\nfi\n# This output is used by Xcode 'outputs' to avoid re-running this script phase.\necho \"SUCCESS\" > \"${SCRIPT_OUTPUT_FILE_0}\"\n";
			showEnvVarsInLog = 0;
		};
		DE45ED023A580801148E6789 /* [CP] Check Pods Manifest.lock */ = {
			isa = PBXShellScriptBuildPhase;
			buildActionMask = 2147483647;
			files = (
			);
			inputFileListPaths = (
			);
			inputPaths = (
				"${PODS_PODFILE_DIR_PATH}/Podfile.lock",
				"${PODS_ROOT}/Manifest.lock",
			);
			name = "[CP] Check Pods Manifest.lock";
			outputFileListPaths = (
			);
			outputPaths = (
				"$(DERIVED_FILE_DIR)/Pods-DasaCountries-DasaCountriesUITests-checkManifestLockResult.txt",
			);
			runOnlyForDeploymentPostprocessing = 0;
			shellPath = /bin/sh;
			shellScript = "diff \"${PODS_PODFILE_DIR_PATH}/Podfile.lock\" \"${PODS_ROOT}/Manifest.lock\" > /dev/null\nif [ $? != 0 ] ; then\n    # print error to STDERR\n    echo \"error: The sandbox is not in sync with the Podfile.lock. Run 'pod install' or update your CocoaPods installation.\" >&2\n    exit 1\nfi\n# This output is used by Xcode 'outputs' to avoid re-running this script phase.\necho \"SUCCESS\" > \"${SCRIPT_OUTPUT_FILE_0}\"\n";
			showEnvVarsInLog = 0;
		};
/* End PBXShellScriptBuildPhase section */

/* Begin PBXSourcesBuildPhase section */
		FA2E661D24C23C1E00C4A07E /* Sources */ = {
			isa = PBXSourcesBuildPhase;
			buildActionMask = 2147483647;
			files = (
				FA2E662524C23C1E00C4A07E /* AppDelegate.swift in Sources */,
				FA2E662724C23C1E00C4A07E /* SceneDelegate.swift in Sources */,
				FA2E666224C2407500C4A07E /* CountriesViewModel.swift in Sources */,
				FA2E666A24C2440D00C4A07E /* ApiCalling.swift in Sources */,
				FA2E665824C23C7600C4A07E /* CountriesTableViewController.swift in Sources */,
				FA2E665E24C23EAD00C4A07E /* CountriesModel.swift in Sources */,
				FA2E666024C2405500C4A07E /* ViewModel.swift in Sources */,
				FA2E667924C2811B00C4A07E /* CountryDetailsViewController.swift in Sources */,
				FA2E667124C2499A00C4A07E /* CodableHandler.swift in Sources */,
				FA2E666C24C244D900C4A07E /* Reachability.swift in Sources */,
				FA2E667324C2742F00C4A07E /* UITableView+Extension.swift in Sources */,
				FA2E666524C2417500C4A07E /* CountryRepo.swift in Sources */,
				FA2E662F24C23C1E00C4A07E /* DasaCountries.xcdatamodeld in Sources */,
				FA2E666724C2423F00C4A07E /* MainRepository.swift in Sources */,
				FA2E667524C2770400C4A07E /* MainTableViewController.swift in Sources */,
				FA2E666F24C247F600C4A07E /* Constant.swift in Sources */,
				FA2E667724C2773000C4A07E /* MainViewModel.swift in Sources */,
			);
			runOnlyForDeploymentPostprocessing = 0;
		};
		FA2E663624C23C2000C4A07E /* Sources */ = {
			isa = PBXSourcesBuildPhase;
			buildActionMask = 2147483647;
			files = (
				FA2E663F24C23C2000C4A07E /* DasaCountriesTests.swift in Sources */,
			);
			runOnlyForDeploymentPostprocessing = 0;
		};
		FA2E664124C23C2000C4A07E /* Sources */ = {
			isa = PBXSourcesBuildPhase;
			buildActionMask = 2147483647;
			files = (
				FA2E664A24C23C2000C4A07E /* DasaCountriesUITests.swift in Sources */,
			);
			runOnlyForDeploymentPostprocessing = 0;
		};
/* End PBXSourcesBuildPhase section */

/* Begin PBXTargetDependency section */
		FA2E663C24C23C2000C4A07E /* PBXTargetDependency */ = {
			isa = PBXTargetDependency;
			target = FA2E662024C23C1E00C4A07E /* DasaCountries */;
			targetProxy = FA2E663B24C23C2000C4A07E /* PBXContainerItemProxy */;
		};
		FA2E664724C23C2000C4A07E /* PBXTargetDependency */ = {
			isa = PBXTargetDependency;
			target = FA2E662024C23C1E00C4A07E /* DasaCountries */;
			targetProxy = FA2E664624C23C2000C4A07E /* PBXContainerItemProxy */;
		};
/* End PBXTargetDependency section */

/* Begin PBXVariantGroup section */
		FA2E662A24C23C1E00C4A07E /* Main.storyboard */ = {
			isa = PBXVariantGroup;
			children = (
				FA2E662B24C23C1E00C4A07E /* Base */,
			);
			name = Main.storyboard;
			sourceTree = "<group>";
		};
		FA2E663224C23C2000C4A07E /* LaunchScreen.storyboard */ = {
			isa = PBXVariantGroup;
			children = (
				FA2E663324C23C2000C4A07E /* Base */,
			);
			name = LaunchScreen.storyboard;
			sourceTree = "<group>";
		};
/* End PBXVariantGroup section */

/* Begin XCBuildConfiguration section */
		FA2E664C24C23C2000C4A07E /* Debug */ = {
			isa = XCBuildConfiguration;
			buildSettings = {
				ALWAYS_SEARCH_USER_PATHS = NO;
				CLANG_ANALYZER_NONNULL = YES;
				CLANG_ANALYZER_NUMBER_OBJECT_CONVERSION = YES_AGGRESSIVE;
				CLANG_CXX_LANGUAGE_STANDARD = "gnu++14";
				CLANG_CXX_LIBRARY = "libc++";
				CLANG_ENABLE_MODULES = YES;
				CLANG_ENABLE_OBJC_ARC = YES;
				CLANG_ENABLE_OBJC_WEAK = YES;
				CLANG_WARN_BLOCK_CAPTURE_AUTORELEASING = YES;
				CLANG_WARN_BOOL_CONVERSION = YES;
				CLANG_WARN_COMMA = YES;
				CLANG_WARN_CONSTANT_CONVERSION = YES;
				CLANG_WARN_DEPRECATED_OBJC_IMPLEMENTATIONS = YES;
				CLANG_WARN_DIRECT_OBJC_ISA_USAGE = YES_ERROR;
				CLANG_WARN_DOCUMENTATION_COMMENTS = YES;
				CLANG_WARN_EMPTY_BODY = YES;
				CLANG_WARN_ENUM_CONVERSION = YES;
				CLANG_WARN_INFINITE_RECURSION = YES;
				CLANG_WARN_INT_CONVERSION = YES;
				CLANG_WARN_NON_LITERAL_NULL_CONVERSION = YES;
				CLANG_WARN_OBJC_IMPLICIT_RETAIN_SELF = YES;
				CLANG_WARN_OBJC_LITERAL_CONVERSION = YES;
				CLANG_WARN_OBJC_ROOT_CLASS = YES_ERROR;
				CLANG_WARN_RANGE_LOOP_ANALYSIS = YES;
				CLANG_WARN_STRICT_PROTOTYPES = YES;
				CLANG_WARN_SUSPICIOUS_MOVE = YES;
				CLANG_WARN_UNGUARDED_AVAILABILITY = YES_AGGRESSIVE;
				CLANG_WARN_UNREACHABLE_CODE = YES;
				CLANG_WARN__DUPLICATE_METHOD_MATCH = YES;
				COPY_PHASE_STRIP = NO;
				DEBUG_INFORMATION_FORMAT = dwarf;
				ENABLE_STRICT_OBJC_MSGSEND = YES;
				ENABLE_TESTABILITY = YES;
				GCC_C_LANGUAGE_STANDARD = gnu11;
				GCC_DYNAMIC_NO_PIC = NO;
				GCC_NO_COMMON_BLOCKS = YES;
				GCC_OPTIMIZATION_LEVEL = 0;
				GCC_PREPROCESSOR_DEFINITIONS = (
					"DEBUG=1",
					"$(inherited)",
				);
				GCC_WARN_64_TO_32_BIT_CONVERSION = YES;
				GCC_WARN_ABOUT_RETURN_TYPE = YES_ERROR;
				GCC_WARN_UNDECLARED_SELECTOR = YES;
				GCC_WARN_UNINITIALIZED_AUTOS = YES_AGGRESSIVE;
				GCC_WARN_UNUSED_FUNCTION = YES;
				GCC_WARN_UNUSED_VARIABLE = YES;
				IPHONEOS_DEPLOYMENT_TARGET = 13.5;
				MTL_ENABLE_DEBUG_INFO = INCLUDE_SOURCE;
				MTL_FAST_MATH = YES;
				ONLY_ACTIVE_ARCH = YES;
				SDKROOT = iphoneos;
				SWIFT_ACTIVE_COMPILATION_CONDITIONS = DEBUG;
				SWIFT_OPTIMIZATION_LEVEL = "-Onone";
			};
			name = Debug;
		};
		FA2E664D24C23C2000C4A07E /* Release */ = {
			isa = XCBuildConfiguration;
			buildSettings = {
				ALWAYS_SEARCH_USER_PATHS = NO;
				CLANG_ANALYZER_NONNULL = YES;
				CLANG_ANALYZER_NUMBER_OBJECT_CONVERSION = YES_AGGRESSIVE;
				CLANG_CXX_LANGUAGE_STANDARD = "gnu++14";
				CLANG_CXX_LIBRARY = "libc++";
				CLANG_ENABLE_MODULES = YES;
				CLANG_ENABLE_OBJC_ARC = YES;
				CLANG_ENABLE_OBJC_WEAK = YES;
				CLANG_WARN_BLOCK_CAPTURE_AUTORELEASING = YES;
				CLANG_WARN_BOOL_CONVERSION = YES;
				CLANG_WARN_COMMA = YES;
				CLANG_WARN_CONSTANT_CONVERSION = YES;
				CLANG_WARN_DEPRECATED_OBJC_IMPLEMENTATIONS = YES;
				CLANG_WARN_DIRECT_OBJC_ISA_USAGE = YES_ERROR;
				CLANG_WARN_DOCUMENTATION_COMMENTS = YES;
				CLANG_WARN_EMPTY_BODY = YES;
				CLANG_WARN_ENUM_CONVERSION = YES;
				CLANG_WARN_INFINITE_RECURSION = YES;
				CLANG_WARN_INT_CONVERSION = YES;
				CLANG_WARN_NON_LITERAL_NULL_CONVERSION = YES;
				CLANG_WARN_OBJC_IMPLICIT_RETAIN_SELF = YES;
				CLANG_WARN_OBJC_LITERAL_CONVERSION = YES;
				CLANG_WARN_OBJC_ROOT_CLASS = YES_ERROR;
				CLANG_WARN_RANGE_LOOP_ANALYSIS = YES;
				CLANG_WARN_STRICT_PROTOTYPES = YES;
				CLANG_WARN_SUSPICIOUS_MOVE = YES;
				CLANG_WARN_UNGUARDED_AVAILABILITY = YES_AGGRESSIVE;
				CLANG_WARN_UNREACHABLE_CODE = YES;
				CLANG_WARN__DUPLICATE_METHOD_MATCH = YES;
				COPY_PHASE_STRIP = NO;
				DEBUG_INFORMATION_FORMAT = "dwarf-with-dsym";
				ENABLE_NS_ASSERTIONS = NO;
				ENABLE_STRICT_OBJC_MSGSEND = YES;
				GCC_C_LANGUAGE_STANDARD = gnu11;
				GCC_NO_COMMON_BLOCKS = YES;
				GCC_WARN_64_TO_32_BIT_CONVERSION = YES;
				GCC_WARN_ABOUT_RETURN_TYPE = YES_ERROR;
				GCC_WARN_UNDECLARED_SELECTOR = YES;
				GCC_WARN_UNINITIALIZED_AUTOS = YES_AGGRESSIVE;
				GCC_WARN_UNUSED_FUNCTION = YES;
				GCC_WARN_UNUSED_VARIABLE = YES;
				IPHONEOS_DEPLOYMENT_TARGET = 13.5;
				MTL_ENABLE_DEBUG_INFO = NO;
				MTL_FAST_MATH = YES;
				SDKROOT = iphoneos;
				SWIFT_COMPILATION_MODE = wholemodule;
				SWIFT_OPTIMIZATION_LEVEL = "-O";
				VALIDATE_PRODUCT = YES;
			};
			name = Release;
		};
		FA2E664F24C23C2000C4A07E /* Debug */ = {
			isa = XCBuildConfiguration;
			baseConfigurationReference = 39AFF78E4DC9DE33D74C0A53 /* Pods-DasaCountries.debug.xcconfig */;
			buildSettings = {
				ASSETCATALOG_COMPILER_APPICON_NAME = AppIcon;
				CODE_SIGN_STYLE = Automatic;
				DEVELOPMENT_TEAM = NHB6XUG436;
				INFOPLIST_FILE = DasaCountries/Info.plist;
				LD_RUNPATH_SEARCH_PATHS = (
					"$(inherited)",
					"@executable_path/Frameworks",
				);
				PRODUCT_BUNDLE_IDENTIFIER = com.mr.DasaCountries;
				PRODUCT_NAME = "$(TARGET_NAME)";
				SWIFT_VERSION = 5.0;
				TARGETED_DEVICE_FAMILY = "1,2";
			};
			name = Debug;
		};
		FA2E665024C23C2000C4A07E /* Release */ = {
			isa = XCBuildConfiguration;
			baseConfigurationReference = 605E33F751D503D7F8EB1C19 /* Pods-DasaCountries.release.xcconfig */;
			buildSettings = {
				ASSETCATALOG_COMPILER_APPICON_NAME = AppIcon;
				CODE_SIGN_STYLE = Automatic;
				DEVELOPMENT_TEAM = NHB6XUG436;
				INFOPLIST_FILE = DasaCountries/Info.plist;
				LD_RUNPATH_SEARCH_PATHS = (
					"$(inherited)",
					"@executable_path/Frameworks",
				);
				PRODUCT_BUNDLE_IDENTIFIER = com.mr.DasaCountries;
				PRODUCT_NAME = "$(TARGET_NAME)";
				SWIFT_VERSION = 5.0;
				TARGETED_DEVICE_FAMILY = "1,2";
			};
			name = Release;
		};
		FA2E665224C23C2000C4A07E /* Debug */ = {
			isa = XCBuildConfiguration;
			baseConfigurationReference = 7E13A0068B42E68553500367 /* Pods-DasaCountriesTests.debug.xcconfig */;
			buildSettings = {
				ALWAYS_EMBED_SWIFT_STANDARD_LIBRARIES = YES;
				BUNDLE_LOADER = "$(TEST_HOST)";
				CODE_SIGN_STYLE = Automatic;
				DEVELOPMENT_TEAM = NHB6XUG436;
				INFOPLIST_FILE = DasaCountriesTests/Info.plist;
				IPHONEOS_DEPLOYMENT_TARGET = 13.5;
				LD_RUNPATH_SEARCH_PATHS = (
					"$(inherited)",
					"@executable_path/Frameworks",
					"@loader_path/Frameworks",
				);
				PRODUCT_BUNDLE_IDENTIFIER = com.mr.DasaCountriesTests;
				PRODUCT_NAME = "$(TARGET_NAME)";
				SWIFT_VERSION = 5.0;
				TARGETED_DEVICE_FAMILY = "1,2";
				TEST_HOST = "$(BUILT_PRODUCTS_DIR)/DasaCountries.app/DasaCountries";
			};
			name = Debug;
		};
		FA2E665324C23C2000C4A07E /* Release */ = {
			isa = XCBuildConfiguration;
			baseConfigurationReference = 1756E14AF7662837C3564DF7 /* Pods-DasaCountriesTests.release.xcconfig */;
			buildSettings = {
				ALWAYS_EMBED_SWIFT_STANDARD_LIBRARIES = YES;
				BUNDLE_LOADER = "$(TEST_HOST)";
				CODE_SIGN_STYLE = Automatic;
				DEVELOPMENT_TEAM = NHB6XUG436;
				INFOPLIST_FILE = DasaCountriesTests/Info.plist;
				IPHONEOS_DEPLOYMENT_TARGET = 13.5;
				LD_RUNPATH_SEARCH_PATHS = (
					"$(inherited)",
					"@executable_path/Frameworks",
					"@loader_path/Frameworks",
				);
				PRODUCT_BUNDLE_IDENTIFIER = com.mr.DasaCountriesTests;
				PRODUCT_NAME = "$(TARGET_NAME)";
				SWIFT_VERSION = 5.0;
				TARGETED_DEVICE_FAMILY = "1,2";
				TEST_HOST = "$(BUILT_PRODUCTS_DIR)/DasaCountries.app/DasaCountries";
			};
			name = Release;
		};
		FA2E665524C23C2000C4A07E /* Debug */ = {
			isa = XCBuildConfiguration;
			baseConfigurationReference = F6881959A5A8AAD1194377A0 /* Pods-DasaCountries-DasaCountriesUITests.debug.xcconfig */;
			buildSettings = {
				ALWAYS_EMBED_SWIFT_STANDARD_LIBRARIES = YES;
				CODE_SIGN_STYLE = Automatic;
				DEVELOPMENT_TEAM = NHB6XUG436;
				INFOPLIST_FILE = DasaCountriesUITests/Info.plist;
				LD_RUNPATH_SEARCH_PATHS = (
					"$(inherited)",
					"@executable_path/Frameworks",
					"@loader_path/Frameworks",
				);
				PRODUCT_BUNDLE_IDENTIFIER = com.mr.DasaCountriesUITests;
				PRODUCT_NAME = "$(TARGET_NAME)";
				SWIFT_VERSION = 5.0;
				TARGETED_DEVICE_FAMILY = "1,2";
				TEST_TARGET_NAME = DasaCountries;
			};
			name = Debug;
		};
		FA2E665624C23C2000C4A07E /* Release */ = {
			isa = XCBuildConfiguration;
			baseConfigurationReference = EF65B34AB2FF2DCA579ADD19 /* Pods-DasaCountries-DasaCountriesUITests.release.xcconfig */;
			buildSettings = {
				ALWAYS_EMBED_SWIFT_STANDARD_LIBRARIES = YES;
				CODE_SIGN_STYLE = Automatic;
				DEVELOPMENT_TEAM = NHB6XUG436;
				INFOPLIST_FILE = DasaCountriesUITests/Info.plist;
				LD_RUNPATH_SEARCH_PATHS = (
					"$(inherited)",
					"@executable_path/Frameworks",
					"@loader_path/Frameworks",
				);
				PRODUCT_BUNDLE_IDENTIFIER = com.mr.DasaCountriesUITests;
				PRODUCT_NAME = "$(TARGET_NAME)";
				SWIFT_VERSION = 5.0;
				TARGETED_DEVICE_FAMILY = "1,2";
				TEST_TARGET_NAME = DasaCountries;
			};
			name = Release;
		};
/* End XCBuildConfiguration section */

/* Begin XCConfigurationList section */
		FA2E661C24C23C1E00C4A07E /* Build configuration list for PBXProject "DasaCountries" */ = {
			isa = XCConfigurationList;
			buildConfigurations = (
				FA2E664C24C23C2000C4A07E /* Debug */,
				FA2E664D24C23C2000C4A07E /* Release */,
			);
			defaultConfigurationIsVisible = 0;
			defaultConfigurationName = Release;
		};
		FA2E664E24C23C2000C4A07E /* Build configuration list for PBXNativeTarget "DasaCountries" */ = {
			isa = XCConfigurationList;
			buildConfigurations = (
				FA2E664F24C23C2000C4A07E /* Debug */,
				FA2E665024C23C2000C4A07E /* Release */,
			);
			defaultConfigurationIsVisible = 0;
			defaultConfigurationName = Release;
		};
		FA2E665124C23C2000C4A07E /* Build configuration list for PBXNativeTarget "DasaCountriesTests" */ = {
			isa = XCConfigurationList;
			buildConfigurations = (
				FA2E665224C23C2000C4A07E /* Debug */,
				FA2E665324C23C2000C4A07E /* Release */,
			);
			defaultConfigurationIsVisible = 0;
			defaultConfigurationName = Release;
		};
		FA2E665424C23C2000C4A07E /* Build configuration list for PBXNativeTarget "DasaCountriesUITests" */ = {
			isa = XCConfigurationList;
			buildConfigurations = (
				FA2E665524C23C2000C4A07E /* Debug */,
				FA2E665624C23C2000C4A07E /* Release */,
			);
			defaultConfigurationIsVisible = 0;
			defaultConfigurationName = Release;
		};
/* End XCConfigurationList section */

/* Begin XCVersionGroup section */
		FA2E662D24C23C1E00C4A07E /* DasaCountries.xcdatamodeld */ = {
			isa = XCVersionGroup;
			children = (
				FA2E662E24C23C1E00C4A07E /* DasaCountries.xcdatamodel */,
			);
			currentVersion = FA2E662E24C23C1E00C4A07E /* DasaCountries.xcdatamodel */;
			path = DasaCountries.xcdatamodeld;
			sourceTree = "<group>";
			versionGroupType = wrapper.xcdatamodel;
		};
/* End XCVersionGroup section */
	};
	rootObject = FA2E661924C23C1E00C4A07E /* Project object */;
}
